{
  "name": "typekeeper-enchanted-library",
  "version": "3.3.3",
  "lockfileVersion": 3,
  "requires": true,
  "packages": {
    "": {
      "name": "typekeeper-enchanted-library",
      "version": "3.3.3",
      "license": "UNLICENSED",
      "engines": {
        "node": ">=20"
      }
    }
  }
}
